
Microsoft Visual Studio Solution File, Format Version 12.00
# Visual Studio Version 16
VisualStudioVersion = 16.0.30907.101
MinimumVisualStudioVersion = 10.0.40219.1
Project("{FAE04EC0-301F-11D3-BF4B-00C04F79EFBC}") = "ConsumoWebAPI_IIS_MVC", "ConsumoWebAPI_IIS_MVC\ConsumoWebAPI_IIS_MVC.csproj", "{3A136206-FB35-42FA-B295-36B21791CF2D}"
EndProject
Global
	GlobalSection(SolutionConfigurationPlatforms) = preSolution
		Debug|Any CPU = Debug|Any CPU
		Release|Any CPU = Release|Any CPU
	EndGlobalSection
	GlobalSection(ProjectConfigurationPlatforms) = postSolution
		{3A136206-FB35-42FA-B295-36B21791CF2D}.Debug|Any CPU.ActiveCfg = Debug|Any CPU
		{3A136206-FB35-42FA-B295-36B21791CF2D}.Debug|Any CPU.Build.0 = Debug|Any CPU
		{3A136206-FB35-42FA-B295-36B21791CF2D}.Release|Any CPU.ActiveCfg = Release|Any CPU
		{3A136206-FB35-42FA-B295-36B21791CF2D}.Release|Any CPU.Build.0 = Release|Any CPU
	EndGlobalSection
	GlobalSection(SolutionProperties) = preSolution
		HideSolutionNode = FALSE
	EndGlobalSection
	GlobalSection(ExtensibilityGlobals) = postSolution
		SolutionGuid = {CD42FD74-8E79-4426-9364-7924993042ED}
	EndGlobalSection
EndGlobal
